
Microsoft Visual Studio Solution File, Format Version 12.00
# Visual Studio Version 17
VisualStudioVersion = 17.7.34024.191
MinimumVisualStudioVersion = 10.0.40219.1
Project("{8BC9CEB8-8B4A-11D0-8D11-00A0C91BC942}") = "LuaLib", "LuaLib.vcxproj", "{AFF2CA2C-A934-4673-913D-188D0F1F017E}"
EndProject
Global
	GlobalSection(SolutionConfigurationPlatforms) = preSolution
		Debug|x64 = Debug|x64
		Debug|x86 = Debug|x86
		Release|x64 = Release|x64
		Release|x86 = Release|x86
	EndGlobalSection
	GlobalSection(ProjectConfigurationPlatforms) = postSolution
		{AFF2CA2C-A934-4673-913D-188D0F1F017E}.Debug|x64.ActiveCfg = Release|x64
		{AFF2CA2C-A934-4673-913D-188D0F1F017E}.Debug|x64.Build.0 = Release|x64
		{AFF2CA2C-A934-4673-913D-188D0F1F017E}.Debug|x86.ActiveCfg = Debug|Win32
		{AFF2CA2C-A934-4673-913D-188D0F1F017E}.Debug|x86.Build.0 = Debug|Win32
		{AFF2CA2C-A934-4673-913D-188D0F1F017E}.Release|x64.ActiveCfg = Release|x64
		{AFF2CA2C-A934-4673-913D-188D0F1F017E}.Release|x64.Build.0 = Release|x64
		{AFF2CA2C-A934-4673-913D-188D0F1F017E}.Release|x86.ActiveCfg = Release|Win32
		{AFF2CA2C-A934-4673-913D-188D0F1F017E}.Release|x86.Build.0 = Release|Win32
	EndGlobalSection
	GlobalSection(SolutionProperties) = preSolution
		HideSolutionNode = FALSE
	EndGlobalSection
	GlobalSection(ExtensibilityGlobals) = postSolution
		SolutionGuid = {423EB85D-F5CB-4785-89E1-04A0F6A52719}
	EndGlobalSection
EndGlobal
